
Microsoft Visual Studio Solution File, Format Version 12.00
# Visual Studio Version 16
VisualStudioVersion = 16.0.31702.278
MinimumVisualStudioVersion = 10.0.40219.1
Project("{9A19103F-16F7-4668-BE54-9A1E7A4F7556}") = "Web API", "Web API\Web API.csproj", "{F02A7850-B14F-4B09-A733-A22105A80C49}"
EndProject
Project("{9A19103F-16F7-4668-BE54-9A1E7A4F7556}") = "WebApp_UnderTheHood", "WebApp_UnderTheHood\WebApp_UnderTheHood.csproj", "{09B3D358-AEBF-42DD-A8BD-E884E61C4323}"
EndProject
Project("{9A19103F-16F7-4668-BE54-9A1E7A4F7556}") = "WebApp", "WebApp\WebApp.csproj", "{A960DE8B-9E8E-48CE-95BE-2B2D4633AACD}"
EndProject
Global
	GlobalSection(SolutionConfigurationPlatforms) = preSolution
		Debug|Any CPU = Debug|Any CPU
		Release|Any CPU = Release|Any CPU
	EndGlobalSection
	GlobalSection(ProjectConfigurationPlatforms) = postSolution
		{F02A7850-B14F-4B09-A733-A22105A80C49}.Debug|Any CPU.ActiveCfg = Debug|Any CPU
		{F02A7850-B14F-4B09-A733-A22105A80C49}.Debug|Any CPU.Build.0 = Debug|Any CPU
		{F02A7850-B14F-4B09-A733-A22105A80C49}.Release|Any CPU.ActiveCfg = Release|Any CPU
		{F02A7850-B14F-4B09-A733-A22105A80C49}.Release|Any CPU.Build.0 = Release|Any CPU
		{09B3D358-AEBF-42DD-A8BD-E884E61C4323}.Debug|Any CPU.ActiveCfg = Debug|Any CPU
		{09B3D358-AEBF-42DD-A8BD-E884E61C4323}.Debug|Any CPU.Build.0 = Debug|Any CPU
		{09B3D358-AEBF-42DD-A8BD-E884E61C4323}.Release|Any CPU.ActiveCfg = Release|Any CPU
		{09B3D358-AEBF-42DD-A8BD-E884E61C4323}.Release|Any CPU.Build.0 = Release|Any CPU
		{A960DE8B-9E8E-48CE-95BE-2B2D4633AACD}.Debug|Any CPU.ActiveCfg = Debug|Any CPU
		{A960DE8B-9E8E-48CE-95BE-2B2D4633AACD}.Debug|Any CPU.Build.0 = Debug|Any CPU
		{A960DE8B-9E8E-48CE-95BE-2B2D4633AACD}.Release|Any CPU.ActiveCfg = Release|Any CPU
		{A960DE8B-9E8E-48CE-95BE-2B2D4633AACD}.Release|Any CPU.Build.0 = Release|Any CPU
	EndGlobalSection
	GlobalSection(SolutionProperties) = preSolution
		HideSolutionNode = FALSE
	EndGlobalSection
	GlobalSection(ExtensibilityGlobals) = postSolution
		SolutionGuid = {6DA0A6A3-041E-4461-A00E-068F61787D4B}
	EndGlobalSection
EndGlobal
